
Microsoft Visual Studio Solution File, Format Version 12.00
# Visual Studio Version 16
VisualStudioVersion = 16.0.30517.126
MinimumVisualStudioVersion = 10.0.40219.1
Project("{FAE04EC0-301F-11D3-BF4B-00C04F79EFBC}") = "VeterinaryClinic", "VeterinaryClinic\VeterinaryClinic.csproj", "{B2B69179-FF9C-4310-B5F2-0F61582DBCB3}"
EndProject
Project("{FAE04EC0-301F-11D3-BF4B-00C04F79EFBC}") = "VeterinaryClinic.Tests", "VeterinaryClinic.Tests\VeterinaryClinic.Tests.csproj", "{D0EAAFC0-8546-450F-8CEF-A8E85187C100}"
EndProject
Global
	GlobalSection(SolutionConfigurationPlatforms) = preSolution
		Debug|Any CPU = Debug|Any CPU
		Release|Any CPU = Release|Any CPU
	EndGlobalSection
	GlobalSection(ProjectConfigurationPlatforms) = postSolution
		{B2B69179-FF9C-4310-B5F2-0F61582DBCB3}.Debug|Any CPU.ActiveCfg = Debug|Any CPU
		{B2B69179-FF9C-4310-B5F2-0F61582DBCB3}.Debug|Any CPU.Build.0 = Debug|Any CPU
		{B2B69179-FF9C-4310-B5F2-0F61582DBCB3}.Release|Any CPU.ActiveCfg = Release|Any CPU
		{B2B69179-FF9C-4310-B5F2-0F61582DBCB3}.Release|Any CPU.Build.0 = Release|Any CPU
		{D0EAAFC0-8546-450F-8CEF-A8E85187C100}.Debug|Any CPU.ActiveCfg = Debug|Any CPU
		{D0EAAFC0-8546-450F-8CEF-A8E85187C100}.Debug|Any CPU.Build.0 = Debug|Any CPU
		{D0EAAFC0-8546-450F-8CEF-A8E85187C100}.Release|Any CPU.ActiveCfg = Release|Any CPU
		{D0EAAFC0-8546-450F-8CEF-A8E85187C100}.Release|Any CPU.Build.0 = Release|Any CPU
	EndGlobalSection
	GlobalSection(SolutionProperties) = preSolution
		HideSolutionNode = FALSE
	EndGlobalSection
	GlobalSection(ExtensibilityGlobals) = postSolution
		SolutionGuid = {18469478-C267-428F-8DDE-B5C9333A4E1F}
	EndGlobalSection
EndGlobal
